<?xml version="1.0" encoding="utf-8"?>
<Project ToolsVersion="4.0" xmlns="http://schemas.microsoft.com/developer/msbuild/2003">
  <ItemGroup>
    <Filter Include="Source Files">
      <UniqueIdentifier>{66969EF1-9E11-4433-A083-720775BB86F5}</UniqueIdentifier>
      <Extensions>c</Extensions>
    </Filter>
    <Filter Include="Header Files">
      <UniqueIdentifier>{addb1da8-251d-4932-bca8-7feb2f7e8894}</UniqueIdentifier>
    </Filter>
  </ItemGroup>
  <ItemGroup>
    <ClCompile Include="pqs_test.c">
      <Filter>Source Files</Filter>
    </ClCompile>
  </ItemGroup>
  <ItemGroup>
    <ClInclude Include="pqs_test.h">
      <Filter>Header Files</Filter>
    </ClInclude>
  </ItemGroup>
</Project>